
Microsoft Visual Studio Solution File, Format Version 12.00
# Visual Studio Version 16
VisualStudioVersion = 16.0.31424.327
MinimumVisualStudioVersion = 10.0.40219.1
Project("{8BC9CEB8-8B4A-11D0-8D11-00A0C91BC942}") = "Fifteen", "Fifteen\Fifteen.vcxproj", "{DF7BDB88-A483-4C47-A019-5935B68BDC89}"
EndProject
Global
	GlobalSection(SolutionConfigurationPlatforms) = preSolution
		Debug|x64 = Debug|x64
		Debug|x86 = Debug|x86
		Release|x64 = Release|x64
		Release|x86 = Release|x86
	EndGlobalSection
	GlobalSection(ProjectConfigurationPlatforms) = postSolution
		{DF7BDB88-A483-4C47-A019-5935B68BDC89}.Debug|x64.ActiveCfg = Debug|x64
		{DF7BDB88-A483-4C47-A019-5935B68BDC89}.Debug|x64.Build.0 = Debug|x64
		{DF7BDB88-A483-4C47-A019-5935B68BDC89}.Debug|x86.ActiveCfg = Debug|Win32
		{DF7BDB88-A483-4C47-A019-5935B68BDC89}.Debug|x86.Build.0 = Debug|Win32
		{DF7BDB88-A483-4C47-A019-5935B68BDC89}.Release|x64.ActiveCfg = Release|x64
		{DF7BDB88-A483-4C47-A019-5935B68BDC89}.Release|x64.Build.0 = Release|x64
		{DF7BDB88-A483-4C47-A019-5935B68BDC89}.Release|x86.ActiveCfg = Release|Win32
		{DF7BDB88-A483-4C47-A019-5935B68BDC89}.Release|x86.Build.0 = Release|Win32
	EndGlobalSection
	GlobalSection(SolutionProperties) = preSolution
		HideSolutionNode = FALSE
	EndGlobalSection
	GlobalSection(ExtensibilityGlobals) = postSolution
		SolutionGuid = {15845683-59CB-4C3B-9B87-7C7B8C9EA2E2}
	EndGlobalSection
EndGlobal
